
Microsoft Visual Studio Solution File, Format Version 12.00
# Visual Studio Version 17
VisualStudioVersion = 17.4.33213.308
MinimumVisualStudioVersion = 10.0.40219.1
Project("{9A19103F-16F7-4668-BE54-9A1E7A4F7556}") = "FirstFreightAPI", "FirstFreightAPI\FirstFreightAPI.csproj", "{C2C70FC7-5F6A-43EE-AB03-047CC50DDCAC}"
EndProject
Project("{FAE04EC0-301F-11D3-BF4B-00C04F79EFBC}") = "frontend", "frontend\frontend.csproj", "{9724622D-2E35-414C-A332-619DC642FCE5}"
EndProject
Global
	GlobalSection(SolutionConfigurationPlatforms) = preSolution
		Debug|Any CPU = Debug|Any CPU
		Release|Any CPU = Release|Any CPU
	EndGlobalSection
	GlobalSection(ProjectConfigurationPlatforms) = postSolution
		{C2C70FC7-5F6A-43EE-AB03-047CC50DDCAC}.Debug|Any CPU.ActiveCfg = Debug|Any CPU
		{C2C70FC7-5F6A-43EE-AB03-047CC50DDCAC}.Debug|Any CPU.Build.0 = Debug|Any CPU
		{C2C70FC7-5F6A-43EE-AB03-047CC50DDCAC}.Release|Any CPU.ActiveCfg = Release|Any CPU
		{C2C70FC7-5F6A-43EE-AB03-047CC50DDCAC}.Release|Any CPU.Build.0 = Release|Any CPU
		{9724622D-2E35-414C-A332-619DC642FCE5}.Debug|Any CPU.ActiveCfg = Debug|Any CPU
		{9724622D-2E35-414C-A332-619DC642FCE5}.Debug|Any CPU.Build.0 = Debug|Any CPU
		{9724622D-2E35-414C-A332-619DC642FCE5}.Release|Any CPU.ActiveCfg = Release|Any CPU
		{9724622D-2E35-414C-A332-619DC642FCE5}.Release|Any CPU.Build.0 = Release|Any CPU
	EndGlobalSection
	GlobalSection(SolutionProperties) = preSolution
		HideSolutionNode = FALSE
	EndGlobalSection
	GlobalSection(ExtensibilityGlobals) = postSolution
		SolutionGuid = {DF7B3494-7074-4C55-B0E2-777D855848CD}
	EndGlobalSection
EndGlobal
